{
  "version": 4,
  "terraform_version": "1.8.0",
  "serial": 3287,
  "lineage": "1fa53291-f728-dd16-2875-6862b8dd3da7",
  "outputs": {},
  "resources": [
    {
      "module": "module.vpc",
      "mode": "managed",
      "type": "aws_vpc",
      "name": "vpc",
      "provider": "provider[\"registry.terraform.io/hashicorp/aws\"]",
      "instances": [
        {
          "schema_version": 1,
          "attributes": {
            "arn": "arn:aws:ec2:ap-northeast-1:533266984569:vpc/vpc-0e714db9967a66ba4",
            "assign_generated_ipv6_cidr_block": false,
            "cidr_block": "192.168.0.0/16",
            "default_network_acl_id": "acl-0eccb6567e44f4e67",
            "default_route_table_id": "rtb-092a51c9e97c941d6",
            "default_security_group_id": "sg-02e3ff17cecb088fd",
            "dhcp_options_id": "dopt-092d7ff4828af0e89",
            "enable_dns_hostnames": true,
            "enable_dns_support": true,
            "enable_network_address_usage_metrics": false,
            "id": "vpc-0e714db9967a66ba4",
            "instance_tenancy": "default",
            "ipv4_ipam_pool_id": null,
            "ipv4_netmask_length": null,
            "ipv6_association_id": "",
            "ipv6_cidr_block": "",
            "ipv6_cidr_block_network_border_group": "",
            "ipv6_ipam_pool_id": "",
            "ipv6_netmask_length": 0,
            "main_route_table_id": "rtb-092a51c9e97c941d6",
            "owner_id": "533266984569",
            "tags": {
              "Name": "Three-Tier-VPC"
            },
            "tags_all": {
              "Name": "Three-Tier-VPC"
            }
          },
          "sensitive_attributes": [],
          "private": "eyJzY2hlbWFfdmVyc2lvbiI6IjEifQ==",
          "create_before_destroy": true
        }
      ]
    }
  ],
  "check_results": null
}
